
Microsoft Visual Studio Solution File, Format Version 12.00
# Visual Studio Version 17
VisualStudioVersion = 17.7.34031.279
MinimumVisualStudioVersion = 10.0.40219.1
Project("{FAE04EC0-301F-11D3-BF4B-00C04F79EFBC}") = "Odev1", "Odev1\Odev1.csproj", "{71A2F42E-2644-4E1F-8B73-3B95D724D233}"
EndProject
Global
	GlobalSection(SolutionConfigurationPlatforms) = preSolution
		Debug|Any CPU = Debug|Any CPU
		Release|Any CPU = Release|Any CPU
	EndGlobalSection
	GlobalSection(ProjectConfigurationPlatforms) = postSolution
		{71A2F42E-2644-4E1F-8B73-3B95D724D233}.Debug|Any CPU.ActiveCfg = Debug|Any CPU
		{71A2F42E-2644-4E1F-8B73-3B95D724D233}.Debug|Any CPU.Build.0 = Debug|Any CPU
		{71A2F42E-2644-4E1F-8B73-3B95D724D233}.Release|Any CPU.ActiveCfg = Release|Any CPU
		{71A2F42E-2644-4E1F-8B73-3B95D724D233}.Release|Any CPU.Build.0 = Release|Any CPU
	EndGlobalSection
	GlobalSection(SolutionProperties) = preSolution
		HideSolutionNode = FALSE
	EndGlobalSection
	GlobalSection(ExtensibilityGlobals) = postSolution
		SolutionGuid = {74A6AD45-DB1D-4E1C-B71C-DA0B7A68F4EB}
	EndGlobalSection
EndGlobal
