
Microsoft Visual Studio Solution File, Format Version 12.00
# Visual Studio Version 17
VisualStudioVersion = 17.7.34031.279
MinimumVisualStudioVersion = 10.0.40219.1
Project("{FAE04EC0-301F-11D3-BF4B-00C04F79EFBC}") = "ToDoList", "ToDoList\ToDoList.csproj", "{7E5A8DE6-24CB-47EF-BA67-4068810A4C51}"
EndProject
Global
	GlobalSection(SolutionConfigurationPlatforms) = preSolution
		Debug|Any CPU = Debug|Any CPU
		Release|Any CPU = Release|Any CPU
	EndGlobalSection
	GlobalSection(ProjectConfigurationPlatforms) = postSolution
		{7E5A8DE6-24CB-47EF-BA67-4068810A4C51}.Debug|Any CPU.ActiveCfg = Debug|Any CPU
		{7E5A8DE6-24CB-47EF-BA67-4068810A4C51}.Debug|Any CPU.Build.0 = Debug|Any CPU
		{7E5A8DE6-24CB-47EF-BA67-4068810A4C51}.Release|Any CPU.ActiveCfg = Release|Any CPU
		{7E5A8DE6-24CB-47EF-BA67-4068810A4C51}.Release|Any CPU.Build.0 = Release|Any CPU
	EndGlobalSection
	GlobalSection(SolutionProperties) = preSolution
		HideSolutionNode = FALSE
	EndGlobalSection
	GlobalSection(ExtensibilityGlobals) = postSolution
		SolutionGuid = {729679D9-C15E-4090-9EAA-DD40AC852975}
	EndGlobalSection
EndGlobal
